// !$*UTF8*$!
{
	archiveVersion = 1;
	classes = {
	};
	objectVersion = 56;
	objects = {

/* Begin PBXBuildFile section */
		8113E3BC2B40934200FA6ED5 /* ExploreView.swift in Sources */ = {isa = PBXBuildFile; fileRef = 8113E3BB2B40934200FA6ED5 /* ExploreView.swift */; };
		8113E3BE2B4093D500FA6ED5 /* UserCell.swift in Sources */ = {isa = PBXBuildFile; fileRef = 8113E3BD2B4093D500FA6ED5 /* UserCell.swift */; };
		8116BC502B3F243800F7C7EA /* My_TikTokApp.swift in Sources */ = {isa = PBXBuildFile; fileRef = 8116BC4F2B3F243800F7C7EA /* My_TikTokApp.swift */; };
		8116BC522B3F243800F7C7EA /* ContentView.swift in Sources */ = {isa = PBXBuildFile; fileRef = 8116BC512B3F243800F7C7EA /* ContentView.swift */; };
		8116BC542B3F243900F7C7EA /* Assets.xcassets in Resources */ = {isa = PBXBuildFile; fileRef = 8116BC532B3F243900F7C7EA /* Assets.xcassets */; };
		8116BC572B3F243900F7C7EA /* Preview Assets.xcassets in Resources */ = {isa = PBXBuildFile; fileRef = 8116BC562B3F243900F7C7EA /* Preview Assets.xcassets */; };
		8116BC6E2B3F2A5700F7C7EA /* MainTabView.swift in Sources */ = {isa = PBXBuildFile; fileRef = 8116BC6D2B3F2A5700F7C7EA /* MainTabView.swift */; };
		8116BC702B3F3A4200F7C7EA /* FeedView.swift in Sources */ = {isa = PBXBuildFile; fileRef = 8116BC6F2B3F3A4200F7C7EA /* FeedView.swift */; };
		8116BC722B3F43D900F7C7EA /* FeedCell.swift in Sources */ = {isa = PBXBuildFile; fileRef = 8116BC712B3F43D900F7C7EA /* FeedCell.swift */; };
		81ED8FBC2B41C8DF00839DAD /* NotificationsView.swift in Sources */ = {isa = PBXBuildFile; fileRef = 81ED8FBB2B41C8DF00839DAD /* NotificationsView.swift */; };
		81ED8FBE2B41C95D00839DAD /* NotificationCell.swift in Sources */ = {isa = PBXBuildFile; fileRef = 81ED8FBD2B41C95D00839DAD /* NotificationCell.swift */; };
/* End PBXBuildFile section */

/* Begin PBXFileReference section */
		8113E3BB2B40934200FA6ED5 /* ExploreView.swift */ = {isa = PBXFileReference; lastKnownFileType = sourcecode.swift; path = ExploreView.swift; sourceTree = "<group>"; };
		8113E3BD2B4093D500FA6ED5 /* UserCell.swift */ = {isa = PBXFileReference; lastKnownFileType = sourcecode.swift; path = UserCell.swift; sourceTree = "<group>"; };
		8116BC4C2B3F243800F7C7EA /* My_TikTok.app */ = {isa = PBXFileReference; explicitFileType = wrapper.application; includeInIndex = 0; path = My_TikTok.app; sourceTree = BUILT_PRODUCTS_DIR; };
		8116BC4F2B3F243800F7C7EA /* My_TikTokApp.swift */ = {isa = PBXFileReference; lastKnownFileType = sourcecode.swift; path = My_TikTokApp.swift; sourceTree = "<group>"; };
		8116BC512B3F243800F7C7EA /* ContentView.swift */ = {isa = PBXFileReference; lastKnownFileType = sourcecode.swift; path = ContentView.swift; sourceTree = "<group>"; };
		8116BC532B3F243900F7C7EA /* Assets.xcassets */ = {isa = PBXFileReference; lastKnownFileType = folder.assetcatalog; path = Assets.xcassets; sourceTree = "<group>"; };
		8116BC562B3F243900F7C7EA /* Preview Assets.xcassets */ = {isa = PBXFileReference; lastKnownFileType = folder.assetcatalog; path = "Preview Assets.xcassets"; sourceTree = "<group>"; };
		8116BC6D2B3F2A5700F7C7EA /* MainTabView.swift */ = {isa = PBXFileReference; lastKnownFileType = sourcecode.swift; path = MainTabView.swift; sourceTree = "<group>"; };
		8116BC6F2B3F3A4200F7C7EA /* FeedView.swift */ = {isa = PBXFileReference; lastKnownFileType = sourcecode.swift; path = FeedView.swift; sourceTree = "<group>"; };
		8116BC712B3F43D900F7C7EA /* FeedCell.swift */ = {isa = PBXFileReference; lastKnownFileType = sourcecode.swift; path = FeedCell.swift; sourceTree = "<group>"; };
		81ED8FBB2B41C8DF00839DAD /* NotificationsView.swift */ = {isa = PBXFileReference; lastKnownFileType = sourcecode.swift; path = NotificationsView.swift; sourceTree = "<group>"; };
		81ED8FBD2B41C95D00839DAD /* NotificationCell.swift */ = {isa = PBXFileReference; lastKnownFileType = sourcecode.swift; path = NotificationCell.swift; sourceTree = "<group>"; };
/* End PBXFileReference section */

/* Begin PBXFrameworksBuildPhase section */
		8116BC492B3F243800F7C7EA /* Frameworks */ = {
			isa = PBXFrameworksBuildPhase;
			buildActionMask = 2147483647;
			files = (
			);
			runOnlyForDeploymentPostprocessing = 0;
		};
/* End PBXFrameworksBuildPhase section */

/* Begin PBXGroup section */
		8116BC432B3F243800F7C7EA = {
			isa = PBXGroup;
			children = (
				8116BC4E2B3F243800F7C7EA /* My_TikTok */,
				8116BC4D2B3F243800F7C7EA /* Products */,
			);
			sourceTree = "<group>";
		};
		8116BC4D2B3F243800F7C7EA /* Products */ = {
			isa = PBXGroup;
			children = (
				8116BC4C2B3F243800F7C7EA /* My_TikTok.app */,
			);
			name = Products;
			sourceTree = "<group>";
		};
		8116BC4E2B3F243800F7C7EA /* My_TikTok */ = {
			isa = PBXGroup;
			children = (
				8116BC622B3F26A500F7C7EA /* App */,
				8116BC612B3F269C00F7C7EA /* Core */,
				8116BC602B3F269900F7C7EA /* Extensions */,
				8116BC5F2B3F269600F7C7EA /* Model */,
				8116BC5E2B3F269200F7C7EA /* Services */,
				8116BC5D2B3F268D00F7C7EA /* Utils */,
				8116BC532B3F243900F7C7EA /* Assets.xcassets */,
				8116BC552B3F243900F7C7EA /* Preview Content */,
			);
			path = My_TikTok;
			sourceTree = "<group>";
		};
		8116BC552B3F243900F7C7EA /* Preview Content */ = {
			isa = PBXGroup;
			children = (
				8116BC562B3F243900F7C7EA /* Preview Assets.xcassets */,
			);
			path = "Preview Content";
			sourceTree = "<group>";
		};
		8116BC5D2B3F268D00F7C7EA /* Utils */ = {
			isa = PBXGroup;
			children = (
			);
			path = Utils;
			sourceTree = "<group>";
		};
		8116BC5E2B3F269200F7C7EA /* Services */ = {
			isa = PBXGroup;
			children = (
			);
			path = Services;
			sourceTree = "<group>";
		};
		8116BC5F2B3F269600F7C7EA /* Model */ = {
			isa = PBXGroup;
			children = (
			);
			path = Model;
			sourceTree = "<group>";
		};
		8116BC602B3F269900F7C7EA /* Extensions */ = {
			isa = PBXGroup;
			children = (
			);
			path = Extensions;
			sourceTree = "<group>";
		};
		8116BC612B3F269C00F7C7EA /* Core */ = {
			isa = PBXGroup;
			children = (
				8116BC6C2B3F279500F7C7EA /* Authentication */,
				8116BC6B2B3F279300F7C7EA /* Comments */,
				8116BC6A2B3F279000F7C7EA /* Components */,
				8116BC692B3F278E00F7C7EA /* Feed */,
				8116BC682B3F278C00F7C7EA /* Notifications */,
				8116BC672B3F278A00F7C7EA /* Profile */,
				8116BC662B3F278700F7C7EA /* Root */,
				8116BC652B3F278500F7C7EA /* Search */,
				8116BC642B3F278200F7C7EA /* TabBar */,
				8116BC632B3F277F00F7C7EA /* UploadMedia */,
			);
			path = Core;
			sourceTree = "<group>";
		};
		8116BC622B3F26A500F7C7EA /* App */ = {
			isa = PBXGroup;
			children = (
				8116BC4F2B3F243800F7C7EA /* My_TikTokApp.swift */,
			);
			path = App;
			sourceTree = "<group>";
		};
		8116BC632B3F277F00F7C7EA /* UploadMedia */ = {
			isa = PBXGroup;
			children = (
			);
			path = UploadMedia;
			sourceTree = "<group>";
		};
		8116BC642B3F278200F7C7EA /* TabBar */ = {
			isa = PBXGroup;
			children = (
				8116BC6D2B3F2A5700F7C7EA /* MainTabView.swift */,
			);
			path = TabBar;
			sourceTree = "<group>";
		};
		8116BC652B3F278500F7C7EA /* Search */ = {
			isa = PBXGroup;
			children = (
				8113E3BB2B40934200FA6ED5 /* ExploreView.swift */,
				8113E3BD2B4093D500FA6ED5 /* UserCell.swift */,
			);
			path = Search;
			sourceTree = "<group>";
		};
		8116BC662B3F278700F7C7EA /* Root */ = {
			isa = PBXGroup;
			children = (
				8116BC512B3F243800F7C7EA /* ContentView.swift */,
			);
			path = Root;
			sourceTree = "<group>";
		};
		8116BC672B3F278A00F7C7EA /* Profile */ = {
			isa = PBXGroup;
			children = (
			);
			path = Profile;
			sourceTree = "<group>";
		};
		8116BC682B3F278C00F7C7EA /* Notifications */ = {
			isa = PBXGroup;
			children = (
				81ED8FBB2B41C8DF00839DAD /* NotificationsView.swift */,
				81ED8FBD2B41C95D00839DAD /* NotificationCell.swift */,
			);
			path = Notifications;
			sourceTree = "<group>";
		};
		8116BC692B3F278E00F7C7EA /* Feed */ = {
			isa = PBXGroup;
			children = (
				8116BC6F2B3F3A4200F7C7EA /* FeedView.swift */,
				8116BC712B3F43D900F7C7EA /* FeedCell.swift */,
			);
			path = Feed;
			sourceTree = "<group>";
		};
		8116BC6A2B3F279000F7C7EA /* Components */ = {
			isa = PBXGroup;
			children = (
			);
			path = Components;
			sourceTree = "<group>";
		};
		8116BC6B2B3F279300F7C7EA /* Comments */ = {
			isa = PBXGroup;
			children = (
			);
			path = Comments;
			sourceTree = "<group>";
		};
		8116BC6C2B3F279500F7C7EA /* Authentication */ = {
			isa = PBXGroup;
			children = (
			);
			path = Authentication;
			sourceTree = "<group>";
		};
/* End PBXGroup section */

/* Begin PBXNativeTarget section */
		8116BC4B2B3F243800F7C7EA /* My_TikTok */ = {
			isa = PBXNativeTarget;
			buildConfigurationList = 8116BC5A2B3F243900F7C7EA /* Build configuration list for PBXNativeTarget "My_TikTok" */;
			buildPhases = (
				8116BC482B3F243800F7C7EA /* Sources */,
				8116BC492B3F243800F7C7EA /* Frameworks */,
				8116BC4A2B3F243800F7C7EA /* Resources */,
			);
			buildRules = (
			);
			dependencies = (
			);
			name = My_TikTok;
			productName = My_TikTok;
			productReference = 8116BC4C2B3F243800F7C7EA /* My_TikTok.app */;
			productType = "com.apple.product-type.application";
		};
/* End PBXNativeTarget section */

/* Begin PBXProject section */
		8116BC442B3F243800F7C7EA /* Project object */ = {
			isa = PBXProject;
			attributes = {
				BuildIndependentTargetsInParallel = 1;
				LastSwiftUpdateCheck = 1500;
				LastUpgradeCheck = 1500;
				TargetAttributes = {
					8116BC4B2B3F243800F7C7EA = {
						CreatedOnToolsVersion = 15.0.1;
					};
				};
			};
			buildConfigurationList = 8116BC472B3F243800F7C7EA /* Build configuration list for PBXProject "My_TikTok" */;
			compatibilityVersion = "Xcode 14.0";
			developmentRegion = en;
			hasScannedForEncodings = 0;
			knownRegions = (
				en,
				Base,
			);
			mainGroup = 8116BC432B3F243800F7C7EA;
			productRefGroup = 8116BC4D2B3F243800F7C7EA /* Products */;
			projectDirPath = "";
			projectRoot = "";
			targets = (
				8116BC4B2B3F243800F7C7EA /* My_TikTok */,
			);
		};
/* End PBXProject section */

/* Begin PBXResourcesBuildPhase section */
		8116BC4A2B3F243800F7C7EA /* Resources */ = {
			isa = PBXResourcesBuildPhase;
			buildActionMask = 2147483647;
			files = (
				8116BC572B3F243900F7C7EA /* Preview Assets.xcassets in Resources */,
				8116BC542B3F243900F7C7EA /* Assets.xcassets in Resources */,
			);
			runOnlyForDeploymentPostprocessing = 0;
		};
/* End PBXResourcesBuildPhase section */

/* Begin PBXSourcesBuildPhase section */
		8116BC482B3F243800F7C7EA /* Sources */ = {
			isa = PBXSourcesBuildPhase;
			buildActionMask = 2147483647;
			files = (
				8116BC702B3F3A4200F7C7EA /* FeedView.swift in Sources */,
				81ED8FBE2B41C95D00839DAD /* NotificationCell.swift in Sources */,
				8116BC722B3F43D900F7C7EA /* FeedCell.swift in Sources */,
				8116BC522B3F243800F7C7EA /* ContentView.swift in Sources */,
				8116BC502B3F243800F7C7EA /* My_TikTokApp.swift in Sources */,
				8113E3BC2B40934200FA6ED5 /* ExploreView.swift in Sources */,
				8116BC6E2B3F2A5700F7C7EA /* MainTabView.swift in Sources */,
				8113E3BE2B4093D500FA6ED5 /* UserCell.swift in Sources */,
				81ED8FBC2B41C8DF00839DAD /* NotificationsView.swift in Sources */,
			);
			runOnlyForDeploymentPostprocessing = 0;
		};
/* End PBXSourcesBuildPhase section */

/* Begin XCBuildConfiguration section */
		8116BC582B3F243900F7C7EA /* Debug */ = {
			isa = XCBuildConfiguration;
			buildSettings = {
				ALWAYS_SEARCH_USER_PATHS = NO;
				ASSETCATALOG_COMPILER_GENERATE_SWIFT_ASSET_SYMBOL_EXTENSIONS = YES;
				CLANG_ANALYZER_NONNULL = YES;
				CLANG_ANALYZER_NUMBER_OBJECT_CONVERSION = YES_AGGRESSIVE;
				CLANG_CXX_LANGUAGE_STANDARD = "gnu++20";
				CLANG_ENABLE_MODULES = YES;
				CLANG_ENABLE_OBJC_ARC = YES;
				CLANG_ENABLE_OBJC_WEAK = YES;
				CLANG_WARN_BLOCK_CAPTURE_AUTORELEASING = YES;
				CLANG_WARN_BOOL_CONVERSION = YES;
				CLANG_WARN_COMMA = YES;
				CLANG_WARN_CONSTANT_CONVERSION = YES;
				CLANG_WARN_DEPRECATED_OBJC_IMPLEMENTATIONS = YES;
				CLANG_WARN_DIRECT_OBJC_ISA_USAGE = YES_ERROR;
				CLANG_WARN_DOCUMENTATION_COMMENTS = YES;
				CLANG_WARN_EMPTY_BODY = YES;
				CLANG_WARN_ENUM_CONVERSION = YES;
				CLANG_WARN_INFINITE_RECURSION = YES;
				CLANG_WARN_INT_CONVERSION = YES;
				CLANG_WARN_NON_LITERAL_NULL_CONVERSION = YES;
				CLANG_WARN_OBJC_IMPLICIT_RETAIN_SELF = YES;
				CLANG_WARN_OBJC_LITERAL_CONVERSION = YES;
				CLANG_WARN_OBJC_ROOT_CLASS = YES_ERROR;
				CLANG_WARN_QUOTED_INCLUDE_IN_FRAMEWORK_HEADER = YES;
				CLANG_WARN_RANGE_LOOP_ANALYSIS = YES;
				CLANG_WARN_STRICT_PROTOTYPES = YES;
				CLANG_WARN_SUSPICIOUS_MOVE = YES;
				CLANG_WARN_UNGUARDED_AVAILABILITY = YES_AGGRESSIVE;
				CLANG_WARN_UNREACHABLE_CODE = YES;
				CLANG_WARN__DUPLICATE_METHOD_MATCH = YES;
				COPY_PHASE_STRIP = NO;
				DEBUG_INFORMATION_FORMAT = dwarf;
				ENABLE_STRICT_OBJC_MSGSEND = YES;
				ENABLE_TESTABILITY = YES;
				ENABLE_USER_SCRIPT_SANDBOXING = YES;
				GCC_C_LANGUAGE_STANDARD = gnu17;
				GCC_DYNAMIC_NO_PIC = NO;
				GCC_NO_COMMON_BLOCKS = YES;
				GCC_OPTIMIZATION_LEVEL = 0;
				GCC_PREPROCESSOR_DEFINITIONS = (
					"DEBUG=1",
					"$(inherited)",
				);
				GCC_WARN_64_TO_32_BIT_CONVERSION = YES;
				GCC_WARN_ABOUT_RETURN_TYPE = YES_ERROR;
				GCC_WARN_UNDECLARED_SELECTOR = YES;
				GCC_WARN_UNINITIALIZED_AUTOS = YES_AGGRESSIVE;
				GCC_WARN_UNUSED_FUNCTION = YES;
				GCC_WARN_UNUSED_VARIABLE = YES;
				IPHONEOS_DEPLOYMENT_TARGET = 17.0;
				LOCALIZATION_PREFERS_STRING_CATALOGS = YES;
				MTL_ENABLE_DEBUG_INFO = INCLUDE_SOURCE;
				MTL_FAST_MATH = YES;
				ONLY_ACTIVE_ARCH = YES;
				SDKROOT = iphoneos;
				SWIFT_ACTIVE_COMPILATION_CONDITIONS = "DEBUG $(inherited)";
				SWIFT_OPTIMIZATION_LEVEL = "-Onone";
			};
			name = Debug;
		};
		8116BC592B3F243900F7C7EA /* Release */ = {
			isa = XCBuildConfiguration;
			buildSettings = {
				ALWAYS_SEARCH_USER_PATHS = NO;
				ASSETCATALOG_COMPILER_GENERATE_SWIFT_ASSET_SYMBOL_EXTENSIONS = YES;
				CLANG_ANALYZER_NONNULL = YES;
				CLANG_ANALYZER_NUMBER_OBJECT_CONVERSION = YES_AGGRESSIVE;
				CLANG_CXX_LANGUAGE_STANDARD = "gnu++20";
				CLANG_ENABLE_MODULES = YES;
				CLANG_ENABLE_OBJC_ARC = YES;
				CLANG_ENABLE_OBJC_WEAK = YES;
				CLANG_WARN_BLOCK_CAPTURE_AUTORELEASING = YES;
				CLANG_WARN_BOOL_CONVERSION = YES;
				CLANG_WARN_COMMA = YES;
				CLANG_WARN_CONSTANT_CONVERSION = YES;
				CLANG_WARN_DEPRECATED_OBJC_IMPLEMENTATIONS = YES;
				CLANG_WARN_DIRECT_OBJC_ISA_USAGE = YES_ERROR;
				CLANG_WARN_DOCUMENTATION_COMMENTS = YES;
				CLANG_WARN_EMPTY_BODY = YES;
				CLANG_WARN_ENUM_CONVERSION = YES;
				CLANG_WARN_INFINITE_RECURSION = YES;
				CLANG_WARN_INT_CONVERSION = YES;
				CLANG_WARN_NON_LITERAL_NULL_CONVERSION = YES;
				CLANG_WARN_OBJC_IMPLICIT_RETAIN_SELF = YES;
				CLANG_WARN_OBJC_LITERAL_CONVERSION = YES;
				CLANG_WARN_OBJC_ROOT_CLASS = YES_ERROR;
				CLANG_WARN_QUOTED_INCLUDE_IN_FRAMEWORK_HEADER = YES;
				CLANG_WARN_RANGE_LOOP_ANALYSIS = YES;
				CLANG_WARN_STRICT_PROTOTYPES = YES;
				CLANG_WARN_SUSPICIOUS_MOVE = YES;
				CLANG_WARN_UNGUARDED_AVAILABILITY = YES_AGGRESSIVE;
				CLANG_WARN_UNREACHABLE_CODE = YES;
				CLANG_WARN__DUPLICATE_METHOD_MATCH = YES;
				COPY_PHASE_STRIP = NO;
				DEBUG_INFORMATION_FORMAT = "dwarf-with-dsym";
				ENABLE_NS_ASSERTIONS = NO;
				ENABLE_STRICT_OBJC_MSGSEND = YES;
				ENABLE_USER_SCRIPT_SANDBOXING = YES;
				GCC_C_LANGUAGE_STANDARD = gnu17;
				GCC_NO_COMMON_BLOCKS = YES;
				GCC_WARN_64_TO_32_BIT_CONVERSION = YES;
				GCC_WARN_ABOUT_RETURN_TYPE = YES_ERROR;
				GCC_WARN_UNDECLARED_SELECTOR = YES;
				GCC_WARN_UNINITIALIZED_AUTOS = YES_AGGRESSIVE;
				GCC_WARN_UNUSED_FUNCTION = YES;
				GCC_WARN_UNUSED_VARIABLE = YES;
				IPHONEOS_DEPLOYMENT_TARGET = 17.0;
				LOCALIZATION_PREFERS_STRING_CATALOGS = YES;
				MTL_ENABLE_DEBUG_INFO = NO;
				MTL_FAST_MATH = YES;
				SDKROOT = iphoneos;
				SWIFT_COMPILATION_MODE = wholemodule;
				VALIDATE_PRODUCT = YES;
			};
			name = Release;
		};
		8116BC5B2B3F243900F7C7EA /* Debug */ = {
			isa = XCBuildConfiguration;
			buildSettings = {
				ASSETCATALOG_COMPILER_APPICON_NAME = AppIcon;
				ASSETCATALOG_COMPILER_GLOBAL_ACCENT_COLOR_NAME = AccentColor;
				CODE_SIGN_STYLE = Automatic;
				CURRENT_PROJECT_VERSION = 1;
				DEVELOPMENT_ASSET_PATHS = "\"My_TikTok/Preview Content\"";
				DEVELOPMENT_TEAM = 4CJW76Y9FL;
				ENABLE_PREVIEWS = YES;
				GENERATE_INFOPLIST_FILE = YES;
				INFOPLIST_KEY_UIApplicationSceneManifest_Generation = YES;
				INFOPLIST_KEY_UIApplicationSupportsIndirectInputEvents = YES;
				INFOPLIST_KEY_UILaunchScreen_Generation = YES;
				INFOPLIST_KEY_UISupportedInterfaceOrientations_iPad = "UIInterfaceOrientationPortrait UIInterfaceOrientationPortraitUpsideDown UIInterfaceOrientationLandscapeLeft UIInterfaceOrientationLandscapeRight";
				INFOPLIST_KEY_UISupportedInterfaceOrientations_iPhone = "UIInterfaceOrientationPortrait UIInterfaceOrientationLandscapeLeft UIInterfaceOrientationLandscapeRight";
				LD_RUNPATH_SEARCH_PATHS = (
					"$(inherited)",
					"@executable_path/Frameworks",
				);
				MARKETING_VERSION = 1.0;
				PRODUCT_BUNDLE_IDENTIFIER = "Sahil.Amrut.Agashe.com.My-TikTok";
				PRODUCT_NAME = "$(TARGET_NAME)";
				SWIFT_EMIT_LOC_STRINGS = YES;
				SWIFT_VERSION = 5.0;
				TARGETED_DEVICE_FAMILY = "1,2";
			};
			name = Debug;
		};
		8116BC5C2B3F243900F7C7EA /* Release */ = {
			isa = XCBuildConfiguration;
			buildSettings = {
				ASSETCATALOG_COMPILER_APPICON_NAME = AppIcon;
				ASSETCATALOG_COMPILER_GLOBAL_ACCENT_COLOR_NAME = AccentColor;
				CODE_SIGN_STYLE = Automatic;
				CURRENT_PROJECT_VERSION = 1;
				DEVELOPMENT_ASSET_PATHS = "\"My_TikTok/Preview Content\"";
				DEVELOPMENT_TEAM = 4CJW76Y9FL;
				ENABLE_PREVIEWS = YES;
				GENERATE_INFOPLIST_FILE = YES;
				INFOPLIST_KEY_UIApplicationSceneManifest_Generation = YES;
				INFOPLIST_KEY_UIApplicationSupportsIndirectInputEvents = YES;
				INFOPLIST_KEY_UILaunchScreen_Generation = YES;
				INFOPLIST_KEY_UISupportedInterfaceOrientations_iPad = "UIInterfaceOrientationPortrait UIInterfaceOrientationPortraitUpsideDown UIInterfaceOrientationLandscapeLeft UIInterfaceOrientationLandscapeRight";
				INFOPLIST_KEY_UISupportedInterfaceOrientations_iPhone = "UIInterfaceOrientationPortrait UIInterfaceOrientationLandscapeLeft UIInterfaceOrientationLandscapeRight";
				LD_RUNPATH_SEARCH_PATHS = (
					"$(inherited)",
					"@executable_path/Frameworks",
				);
				MARKETING_VERSION = 1.0;
				PRODUCT_BUNDLE_IDENTIFIER = "Sahil.Amrut.Agashe.com.My-TikTok";
				PRODUCT_NAME = "$(TARGET_NAME)";
				SWIFT_EMIT_LOC_STRINGS = YES;
				SWIFT_VERSION = 5.0;
				TARGETED_DEVICE_FAMILY = "1,2";
			};
			name = Release;
		};
/* End XCBuildConfiguration section */

/* Begin XCConfigurationList section */
		8116BC472B3F243800F7C7EA /* Build configuration list for PBXProject "My_TikTok" */ = {
			isa = XCConfigurationList;
			buildConfigurations = (
				8116BC582B3F243900F7C7EA /* Debug */,
				8116BC592B3F243900F7C7EA /* Release */,
			);
			defaultConfigurationIsVisible = 0;
			defaultConfigurationName = Release;
		};
		8116BC5A2B3F243900F7C7EA /* Build configuration list for PBXNativeTarget "My_TikTok" */ = {
			isa = XCConfigurationList;
			buildConfigurations = (
				8116BC5B2B3F243900F7C7EA /* Debug */,
				8116BC5C2B3F243900F7C7EA /* Release */,
			);
			defaultConfigurationIsVisible = 0;
			defaultConfigurationName = Release;
		};
/* End XCConfigurationList section */
	};
	rootObject = 8116BC442B3F243800F7C7EA /* Project object */;
}
